
Microsoft Visual Studio Solution File, Format Version 12.00
Project("{FAE04EC0-301F-11D3-BF4B-00C04F79EFBC}") = "Zad7", "Zad7\Zad7.csproj", "{A5F1F288-733F-421E-8ED2-2C3964580B83}"
EndProject
Global
	GlobalSection(SolutionConfigurationPlatforms) = preSolution
		Debug|Any CPU = Debug|Any CPU
		Release|Any CPU = Release|Any CPU
	EndGlobalSection
	GlobalSection(ProjectConfigurationPlatforms) = postSolution
		{A5F1F288-733F-421E-8ED2-2C3964580B83}.Debug|Any CPU.ActiveCfg = Debug|Any CPU
		{A5F1F288-733F-421E-8ED2-2C3964580B83}.Debug|Any CPU.Build.0 = Debug|Any CPU
		{A5F1F288-733F-421E-8ED2-2C3964580B83}.Release|Any CPU.ActiveCfg = Release|Any CPU
		{A5F1F288-733F-421E-8ED2-2C3964580B83}.Release|Any CPU.Build.0 = Release|Any CPU
	EndGlobalSection
EndGlobal
